// !$*UTF8*$!
{
	archiveVersion = 1;
	classes = {
	};
	objectVersion = 46;
	objects = {

/* Begin PBXBuildFile section */
		AABCC59E1BDEDC8C0009440B /* AppDelegate.swift in Sources */ = {isa = PBXBuildFile; fileRef = AABCC59D1BDEDC8C0009440B /* AppDelegate.swift */; };
		AABCC5A01BDEDC8C0009440B /* ViewController.swift in Sources */ = {isa = PBXBuildFile; fileRef = AABCC59F1BDEDC8C0009440B /* ViewController.swift */; };
		AABCC5A31BDEDC8C0009440B /* Main.storyboard in Resources */ = {isa = PBXBuildFile; fileRef = AABCC5A11BDEDC8C0009440B /* Main.storyboard */; };
		AABCC5A51BDEDC8C0009440B /* Assets.xcassets in Resources */ = {isa = PBXBuildFile; fileRef = AABCC5A41BDEDC8C0009440B /* Assets.xcassets */; };
		AABCC5A81BDEDC8C0009440B /* LaunchScreen.storyboard in Resources */ = {isa = PBXBuildFile; fileRef = AABCC5A61BDEDC8C0009440B /* LaunchScreen.storyboard */; };
		AABCC5B31BDEDC8C0009440B /* FLITTests.swift in Sources */ = {isa = PBXBuildFile; fileRef = AABCC5B21BDEDC8C0009440B /* FLITTests.swift */; };
		AABCC5BE1BDEDC8C0009440B /* FLITUITests.swift in Sources */ = {isa = PBXBuildFile; fileRef = AABCC5BD1BDEDC8C0009440B /* FLITUITests.swift */; };
/* End PBXBuildFile section */

/* Begin PBXContainerItemProxy section */
		AABCC5AF1BDEDC8C0009440B /* PBXContainerItemProxy */ = {
			isa = PBXContainerItemProxy;
			containerPortal = AABCC5921BDEDC8C0009440B /* Project object */;
			proxyType = 1;
			remoteGlobalIDString = AABCC5991BDEDC8C0009440B;
			remoteInfo = FLIT;
		};
		AABCC5BA1BDEDC8C0009440B /* PBXContainerItemProxy */ = {
			isa = PBXContainerItemProxy;
			containerPortal = AABCC5921BDEDC8C0009440B /* Project object */;
			proxyType = 1;
			remoteGlobalIDString = AABCC5991BDEDC8C0009440B;
			remoteInfo = FLIT;
		};
/* End PBXContainerItemProxy section */

/* Begin PBXFileReference section */
		AABCC59A1BDEDC8C0009440B /* FLIT.app */ = {isa = PBXFileReference; explicitFileType = wrapper.application; includeInIndex = 0; path = FLIT.app; sourceTree = BUILT_PRODUCTS_DIR; };
		AABCC59D1BDEDC8C0009440B /* AppDelegate.swift */ = {isa = PBXFileReference; lastKnownFileType = sourcecode.swift; path = AppDelegate.swift; sourceTree = "<group>"; };
		AABCC59F1BDEDC8C0009440B /* ViewController.swift */ = {isa = PBXFileReference; lastKnownFileType = sourcecode.swift; path = ViewController.swift; sourceTree = "<group>"; };
		AABCC5A21BDEDC8C0009440B /* Base */ = {isa = PBXFileReference; lastKnownFileType = file.storyboard; name = Base; path = Base.lproj/Main.storyboard; sourceTree = "<group>"; };
		AABCC5A41BDEDC8C0009440B /* Assets.xcassets */ = {isa = PBXFileReference; lastKnownFileType = folder.assetcatalog; path = Assets.xcassets; sourceTree = "<group>"; };
		AABCC5A71BDEDC8C0009440B /* Base */ = {isa = PBXFileReference; lastKnownFileType = file.storyboard; name = Base; path = Base.lproj/LaunchScreen.storyboard; sourceTree = "<group>"; };
		AABCC5A91BDEDC8C0009440B /* Info.plist */ = {isa = PBXFileReference; lastKnownFileType = text.plist.xml; path = Info.plist; sourceTree = "<group>"; };
		AABCC5AE1BDEDC8C0009440B /* FLITTests.xctest */ = {isa = PBXFileReference; explicitFileType = wrapper.cfbundle; includeInIndex = 0; path = FLITTests.xctest; sourceTree = BUILT_PRODUCTS_DIR; };
		AABCC5B21BDEDC8C0009440B /* FLITTests.swift */ = {isa = PBXFileReference; lastKnownFileType = sourcecode.swift; path = FLITTests.swift; sourceTree = "<group>"; };
		AABCC5B41BDEDC8C0009440B /* Info.plist */ = {isa = PBXFileReference; lastKnownFileType = text.plist.xml; path = Info.plist; sourceTree = "<group>"; };
		AABCC5B91BDEDC8C0009440B /* FLITUITests.xctest */ = {isa = PBXFileReference; explicitFileType = wrapper.cfbundle; includeInIndex = 0; path = FLITUITests.xctest; sourceTree = BUILT_PRODUCTS_DIR; };
		AABCC5BD1BDEDC8C0009440B /* FLITUITests.swift */ = {isa = PBXFileReference; lastKnownFileType = sourcecode.swift; path = FLITUITests.swift; sourceTree = "<group>"; };
		AABCC5BF1BDEDC8C0009440B /* Info.plist */ = {isa = PBXFileReference; lastKnownFileType = text.plist.xml; path = Info.plist; sourceTree = "<group>"; };
/* End PBXFileReference section */

/* Begin PBXFrameworksBuildPhase section */
		AABCC5971BDEDC8C0009440B /* Frameworks */ = {
			isa = PBXFrameworksBuildPhase;
			buildActionMask = 2147483647;
			files = (
			);
			runOnlyForDeploymentPostprocessing = 0;
		};
		AABCC5AB1BDEDC8C0009440B /* Frameworks */ = {
			isa = PBXFrameworksBuildPhase;
			buildActionMask = 2147483647;
			files = (
			);
			runOnlyForDeploymentPostprocessing = 0;
		};
		AABCC5B61BDEDC8C0009440B /* Frameworks */ = {
			isa = PBXFrameworksBuildPhase;
			buildActionMask = 2147483647;
			files = (
			);
			runOnlyForDeploymentPostprocessing = 0;
		};
/* End PBXFrameworksBuildPhase section */

/* Begin PBXGroup section */
		AABCC5911BDEDC8C0009440B = {
			isa = PBXGroup;
			children = (
				AABCC59C1BDEDC8C0009440B /* FLIT */,
				AABCC5B11BDEDC8C0009440B /* FLITTests */,
				AABCC5BC1BDEDC8C0009440B /* FLITUITests */,
				AABCC59B1BDEDC8C0009440B /* Products */,
			);
			sourceTree = "<group>";
		};
		AABCC59B1BDEDC8C0009440B /* Products */ = {
			isa = PBXGroup;
			children = (
				AABCC59A1BDEDC8C0009440B /* FLIT.app */,
				AABCC5AE1BDEDC8C0009440B /* FLITTests.xctest */,
				AABCC5B91BDEDC8C0009440B /* FLITUITests.xctest */,
			);
			name = Products;
			sourceTree = "<group>";
		};
		AABCC59C1BDEDC8C0009440B /* FLIT */ = {
			isa = PBXGroup;
			children = (
				AABCC59D1BDEDC8C0009440B /* AppDelegate.swift */,
				AABCC59F1BDEDC8C0009440B /* ViewController.swift */,
				AABCC5A11BDEDC8C0009440B /* Main.storyboard */,
				AABCC5A41BDEDC8C0009440B /* Assets.xcassets */,
				AABCC5A61BDEDC8C0009440B /* LaunchScreen.storyboard */,
				AABCC5A91BDEDC8C0009440B /* Info.plist */,
			);
			path = FLIT;
			sourceTree = "<group>";
		};
		AABCC5B11BDEDC8C0009440B /* FLITTests */ = {
			isa = PBXGroup;
			children = (
				AABCC5B21BDEDC8C0009440B /* FLITTests.swift */,
				AABCC5B41BDEDC8C0009440B /* Info.plist */,
			);
			path = FLITTests;
			sourceTree = "<group>";
		};
		AABCC5BC1BDEDC8C0009440B /* FLITUITests */ = {
			isa = PBXGroup;
			children = (
				AABCC5BD1BDEDC8C0009440B /* FLITUITests.swift */,
				AABCC5BF1BDEDC8C0009440B /* Info.plist */,
			);
			path = FLITUITests;
			sourceTree = "<group>";
		};
/* End PBXGroup section */

/* Begin PBXNativeTarget section */
		AABCC5991BDEDC8C0009440B /* FLIT */ = {
			isa = PBXNativeTarget;
			buildConfigurationList = AABCC5C21BDEDC8C0009440B /* Build configuration list for PBXNativeTarget "FLIT" */;
			buildPhases = (
				AABCC5961BDEDC8C0009440B /* Sources */,
				AABCC5971BDEDC8C0009440B /* Frameworks */,
				AABCC5981BDEDC8C0009440B /* Resources */,
			);
			buildRules = (
			);
			dependencies = (
			);
			name = FLIT;
			productName = FLIT;
			productReference = AABCC59A1BDEDC8C0009440B /* FLIT.app */;
			productType = "com.apple.product-type.application";
		};
		AABCC5AD1BDEDC8C0009440B /* FLITTests */ = {
			isa = PBXNativeTarget;
			buildConfigurationList = AABCC5C51BDEDC8C0009440B /* Build configuration list for PBXNativeTarget "FLITTests" */;
			buildPhases = (
				AABCC5AA1BDEDC8C0009440B /* Sources */,
				AABCC5AB1BDEDC8C0009440B /* Frameworks */,
				AABCC5AC1BDEDC8C0009440B /* Resources */,
			);
			buildRules = (
			);
			dependencies = (
				AABCC5B01BDEDC8C0009440B /* PBXTargetDependency */,
			);
			name = FLITTests;
			productName = FLITTests;
			productReference = AABCC5AE1BDEDC8C0009440B /* FLITTests.xctest */;
			productType = "com.apple.product-type.bundle.unit-test";
		};
		AABCC5B81BDEDC8C0009440B /* FLITUITests */ = {
			isa = PBXNativeTarget;
			buildConfigurationList = AABCC5C81BDEDC8C0009440B /* Build configuration list for PBXNativeTarget "FLITUITests" */;
			buildPhases = (
				AABCC5B51BDEDC8C0009440B /* Sources */,
				AABCC5B61BDEDC8C0009440B /* Frameworks */,
				AABCC5B71BDEDC8C0009440B /* Resources */,
			);
			buildRules = (
			);
			dependencies = (
				AABCC5BB1BDEDC8C0009440B /* PBXTargetDependency */,
			);
			name = FLITUITests;
			productName = FLITUITests;
			productReference = AABCC5B91BDEDC8C0009440B /* FLITUITests.xctest */;
			productType = "com.apple.product-type.bundle.ui-testing";
		};
/* End PBXNativeTarget section */

/* Begin PBXProject section */
		AABCC5921BDEDC8C0009440B /* Project object */ = {
			isa = PBXProject;
			attributes = {
				LastUpgradeCheck = 0700;
				ORGANIZATIONNAME = Ethan;
				TargetAttributes = {
					AABCC5991BDEDC8C0009440B = {
						CreatedOnToolsVersion = 7.0.1;
					};
					AABCC5AD1BDEDC8C0009440B = {
						CreatedOnToolsVersion = 7.0.1;
						TestTargetID = AABCC5991BDEDC8C0009440B;
					};
					AABCC5B81BDEDC8C0009440B = {
						CreatedOnToolsVersion = 7.0.1;
						TestTargetID = AABCC5991BDEDC8C0009440B;
					};
				};
			};
			buildConfigurationList = AABCC5951BDEDC8C0009440B /* Build configuration list for PBXProject "FLIT" */;
			compatibilityVersion = "Xcode 3.2";
			developmentRegion = English;
			hasScannedForEncodings = 0;
			knownRegions = (
				en,
				Base,
			);
			mainGroup = AABCC5911BDEDC8C0009440B;
			productRefGroup = AABCC59B1BDEDC8C0009440B /* Products */;
			projectDirPath = "";
			projectRoot = "";
			targets = (
				AABCC5991BDEDC8C0009440B /* FLIT */,
				AABCC5AD1BDEDC8C0009440B /* FLITTests */,
				AABCC5B81BDEDC8C0009440B /* FLITUITests */,
			);
		};
/* End PBXProject section */

/* Begin PBXResourcesBuildPhase section */
		AABCC5981BDEDC8C0009440B /* Resources */ = {
			isa = PBXResourcesBuildPhase;
			buildActionMask = 2147483647;
			files = (
				AABCC5A81BDEDC8C0009440B /* LaunchScreen.storyboard in Resources */,
				AABCC5A51BDEDC8C0009440B /* Assets.xcassets in Resources */,
				AABCC5A31BDEDC8C0009440B /* Main.storyboard in Resources */,
			);
			runOnlyForDeploymentPostprocessing = 0;
		};
		AABCC5AC1BDEDC8C0009440B /* Resources */ = {
			isa = PBXResourcesBuildPhase;
			buildActionMask = 2147483647;
			files = (
			);
			runOnlyForDeploymentPostprocessing = 0;
		};
		AABCC5B71BDEDC8C0009440B /* Resources */ = {
			isa = PBXResourcesBuildPhase;
			buildActionMask = 2147483647;
			files = (
			);
			runOnlyForDeploymentPostprocessing = 0;
		};
/* End PBXResourcesBuildPhase section */

/* Begin PBXSourcesBuildPhase section */
		AABCC5961BDEDC8C0009440B /* Sources */ = {
			isa = PBXSourcesBuildPhase;
			buildActionMask = 2147483647;
			files = (
				AABCC5A01BDEDC8C0009440B /* ViewController.swift in Sources */,
				AABCC59E1BDEDC8C0009440B /* AppDelegate.swift in Sources */,
			);
			runOnlyForDeploymentPostprocessing = 0;
		};
		AABCC5AA1BDEDC8C0009440B /* Sources */ = {
			isa = PBXSourcesBuildPhase;
			buildActionMask = 2147483647;
			files = (
				AABCC5B31BDEDC8C0009440B /* FLITTests.swift in Sources */,
			);
			runOnlyForDeploymentPostprocessing = 0;
		};
		AABCC5B51BDEDC8C0009440B /* Sources */ = {
			isa = PBXSourcesBuildPhase;
			buildActionMask = 2147483647;
			files = (
				AABCC5BE1BDEDC8C0009440B /* FLITUITests.swift in Sources */,
			);
			runOnlyForDeploymentPostprocessing = 0;
		};
/* End PBXSourcesBuildPhase section */

/* Begin PBXTargetDependency section */
		AABCC5B01BDEDC8C0009440B /* PBXTargetDependency */ = {
			isa = PBXTargetDependency;
			target = AABCC5991BDEDC8C0009440B /* FLIT */;
			targetProxy = AABCC5AF1BDEDC8C0009440B /* PBXContainerItemProxy */;
		};
		AABCC5BB1BDEDC8C0009440B /* PBXTargetDependency */ = {
			isa = PBXTargetDependency;
			target = AABCC5991BDEDC8C0009440B /* FLIT */;
			targetProxy = AABCC5BA1BDEDC8C0009440B /* PBXContainerItemProxy */;
		};
/* End PBXTargetDependency section */

/* Begin PBXVariantGroup section */
		AABCC5A11BDEDC8C0009440B /* Main.storyboard */ = {
			isa = PBXVariantGroup;
			children = (
				AABCC5A21BDEDC8C0009440B /* Base */,
			);
			name = Main.storyboard;
			sourceTree = "<group>";
		};
		AABCC5A61BDEDC8C0009440B /* LaunchScreen.storyboard */ = {
			isa = PBXVariantGroup;
			children = (
				AABCC5A71BDEDC8C0009440B /* Base */,
			);
			name = LaunchScreen.storyboard;
			sourceTree = "<group>";
		};
/* End PBXVariantGroup section */

/* Begin XCBuildConfiguration section */
		AABCC5C01BDEDC8C0009440B /* Debug */ = {
			isa = XCBuildConfiguration;
			buildSettings = {
				ALWAYS_SEARCH_USER_PATHS = NO;
				CLANG_CXX_LANGUAGE_STANDARD = "gnu++0x";
				CLANG_CXX_LIBRARY = "libc++";
				CLANG_ENABLE_MODULES = YES;
				CLANG_ENABLE_OBJC_ARC = YES;
				CLANG_WARN_BOOL_CONVERSION = YES;
				CLANG_WARN_CONSTANT_CONVERSION = YES;
				CLANG_WARN_DIRECT_OBJC_ISA_USAGE = YES_ERROR;
				CLANG_WARN_EMPTY_BODY = YES;
				CLANG_WARN_ENUM_CONVERSION = YES;
				CLANG_WARN_INT_CONVERSION = YES;
				CLANG_WARN_OBJC_ROOT_CLASS = YES_ERROR;
				CLANG_WARN_UNREACHABLE_CODE = YES;
				CLANG_WARN__DUPLICATE_METHOD_MATCH = YES;
				"CODE_SIGN_IDENTITY[sdk=iphoneos*]" = "iPhone Developer";
				COPY_PHASE_STRIP = NO;
				DEBUG_INFORMATION_FORMAT = dwarf;
				ENABLE_STRICT_OBJC_MSGSEND = YES;
				ENABLE_TESTABILITY = YES;
				GCC_C_LANGUAGE_STANDARD = gnu99;
				GCC_DYNAMIC_NO_PIC = NO;
				GCC_NO_COMMON_BLOCKS = YES;
				GCC_OPTIMIZATION_LEVEL = 0;
				GCC_PREPROCESSOR_DEFINITIONS = (
					"DEBUG=1",
					"$(inherited)",
				);
				GCC_WARN_64_TO_32_BIT_CONVERSION = YES;
				GCC_WARN_ABOUT_RETURN_TYPE = YES_ERROR;
				GCC_WARN_UNDECLARED_SELECTOR = YES;
				GCC_WARN_UNINITIALIZED_AUTOS = YES_AGGRESSIVE;
				GCC_WARN_UNUSED_FUNCTION = YES;
				GCC_WARN_UNUSED_VARIABLE = YES;
				IPHONEOS_DEPLOYMENT_TARGET = 9.0;
				MTL_ENABLE_DEBUG_INFO = YES;
				ONLY_ACTIVE_ARCH = YES;
				SDKROOT = iphoneos;
				SWIFT_OPTIMIZATION_LEVEL = "-Onone";
				TARGETED_DEVICE_FAMILY = "1,2";
			};
			name = Debug;
		};
		AABCC5C11BDEDC8C0009440B /* Release */ = {
			isa = XCBuildConfiguration;
			buildSettings = {
				ALWAYS_SEARCH_USER_PATHS = NO;
				CLANG_CXX_LANGUAGE_STANDARD = "gnu++0x";
				CLANG_CXX_LIBRARY = "libc++";
				CLANG_ENABLE_MODULES = YES;
				CLANG_ENABLE_OBJC_ARC = YES;
				CLANG_WARN_BOOL_CONVERSION = YES;
				CLANG_WARN_CONSTANT_CONVERSION = YES;
				CLANG_WARN_DIRECT_OBJC_ISA_USAGE = YES_ERROR;
				CLANG_WARN_EMPTY_BODY = YES;
				CLANG_WARN_ENUM_CONVERSION = YES;
				CLANG_WARN_INT_CONVERSION = YES;
				CLANG_WARN_OBJC_ROOT_CLASS = YES_ERROR;
				CLANG_WARN_UNREACHABLE_CODE = YES;
				CLANG_WARN__DUPLICATE_METHOD_MATCH = YES;
				"CODE_SIGN_IDENTITY[sdk=iphoneos*]" = "iPhone Developer";
				COPY_PHASE_STRIP = NO;
				DEBUG_INFORMATION_FORMAT = "dwarf-with-dsym";
				ENABLE_NS_ASSERTIONS = NO;
				ENABLE_STRICT_OBJC_MSGSEND = YES;
				GCC_C_LANGUAGE_STANDARD = gnu99;
				GCC_NO_COMMON_BLOCKS = YES;
				GCC_WARN_64_TO_32_BIT_CONVERSION = YES;
				GCC_WARN_ABOUT_RETURN_TYPE = YES_ERROR;
				GCC_WARN_UNDECLARED_SELECTOR = YES;
				GCC_WARN_UNINITIALIZED_AUTOS = YES_AGGRESSIVE;
				GCC_WARN_UNUSED_FUNCTION = YES;
				GCC_WARN_UNUSED_VARIABLE = YES;
				IPHONEOS_DEPLOYMENT_TARGET = 9.0;
				MTL_ENABLE_DEBUG_INFO = NO;
				SDKROOT = iphoneos;
				TARGETED_DEVICE_FAMILY = "1,2";
				VALIDATE_PRODUCT = YES;
			};
			name = Release;
		};
		AABCC5C31BDEDC8C0009440B /* Debug */ = {
			isa = XCBuildConfiguration;
			buildSettings = {
				ASSETCATALOG_COMPILER_APPICON_NAME = AppIcon;
				INFOPLIST_FILE = FLIT/Info.plist;
				LD_RUNPATH_SEARCH_PATHS = "$(inherited) @executable_path/Frameworks";
				PRODUCT_BUNDLE_IDENTIFIER = edu.Fontbonne.FLIT;
				PRODUCT_NAME = "$(TARGET_NAME)";
			};
			name = Debug;
		};
		AABCC5C41BDEDC8C0009440B /* Release */ = {
			isa = XCBuildConfiguration;
			buildSettings = {
				ASSETCATALOG_COMPILER_APPICON_NAME = AppIcon;
				INFOPLIST_FILE = FLIT/Info.plist;
				LD_RUNPATH_SEARCH_PATHS = "$(inherited) @executable_path/Frameworks";
				PRODUCT_BUNDLE_IDENTIFIER = edu.Fontbonne.FLIT;
				PRODUCT_NAME = "$(TARGET_NAME)";
			};
			name = Release;
		};
		AABCC5C61BDEDC8C0009440B /* Debug */ = {
			isa = XCBuildConfiguration;
			buildSettings = {
				BUNDLE_LOADER = "$(TEST_HOST)";
				INFOPLIST_FILE = FLITTests/Info.plist;
				LD_RUNPATH_SEARCH_PATHS = "$(inherited) @executable_path/Frameworks @loader_path/Frameworks";
				PRODUCT_BUNDLE_IDENTIFIER = edu.Fontbonne.FLITTests;
				PRODUCT_NAME = "$(TARGET_NAME)";
				TEST_HOST = "$(BUILT_PRODUCTS_DIR)/FLIT.app/FLIT";
			};
			name = Debug;
		};
		AABCC5C71BDEDC8C0009440B /* Release */ = {
			isa = XCBuildConfiguration;
			buildSettings = {
				BUNDLE_LOADER = "$(TEST_HOST)";
				INFOPLIST_FILE = FLITTests/Info.plist;
				LD_RUNPATH_SEARCH_PATHS = "$(inherited) @executable_path/Frameworks @loader_path/Frameworks";
				PRODUCT_BUNDLE_IDENTIFIER = edu.Fontbonne.FLITTests;
				PRODUCT_NAME = "$(TARGET_NAME)";
				TEST_HOST = "$(BUILT_PRODUCTS_DIR)/FLIT.app/FLIT";
			};
			name = Release;
		};
		AABCC5C91BDEDC8C0009440B /* Debug */ = {
			isa = XCBuildConfiguration;
			buildSettings = {
				INFOPLIST_FILE = FLITUITests/Info.plist;
				LD_RUNPATH_SEARCH_PATHS = "$(inherited) @executable_path/Frameworks @loader_path/Frameworks";
				PRODUCT_BUNDLE_IDENTIFIER = edu.Fontbonne.FLITUITests;
				PRODUCT_NAME = "$(TARGET_NAME)";
				TEST_TARGET_NAME = FLIT;
				USES_XCTRUNNER = YES;
			};
			name = Debug;
		};
		AABCC5CA1BDEDC8C0009440B /* Release */ = {
			isa = XCBuildConfiguration;
			buildSettings = {
				INFOPLIST_FILE = FLITUITests/Info.plist;
				LD_RUNPATH_SEARCH_PATHS = "$(inherited) @executable_path/Frameworks @loader_path/Frameworks";
				PRODUCT_BUNDLE_IDENTIFIER = edu.Fontbonne.FLITUITests;
				PRODUCT_NAME = "$(TARGET_NAME)";
				TEST_TARGET_NAME = FLIT;
				USES_XCTRUNNER = YES;
			};
			name = Release;
		};
/* End XCBuildConfiguration section */

/* Begin XCConfigurationList section */
		AABCC5951BDEDC8C0009440B /* Build configuration list for PBXProject "FLIT" */ = {
			isa = XCConfigurationList;
			buildConfigurations = (
				AABCC5C01BDEDC8C0009440B /* Debug */,
				AABCC5C11BDEDC8C0009440B /* Release */,
			);
			defaultConfigurationIsVisible = 0;
			defaultConfigurationName = Release;
		};
		AABCC5C21BDEDC8C0009440B /* Build configuration list for PBXNativeTarget "FLIT" */ = {
			isa = XCConfigurationList;
			buildConfigurations = (
				AABCC5C31BDEDC8C0009440B /* Debug */,
				AABCC5C41BDEDC8C0009440B /* Release */,
			);
			defaultConfigurationIsVisible = 0;
		};
		AABCC5C51BDEDC8C0009440B /* Build configuration list for PBXNativeTarget "FLITTests" */ = {
			isa = XCConfigurationList;
			buildConfigurations = (
				AABCC5C61BDEDC8C0009440B /* Debug */,
				AABCC5C71BDEDC8C0009440B /* Release */,
			);
			defaultConfigurationIsVisible = 0;
		};
		AABCC5C81BDEDC8C0009440B /* Build configuration list for PBXNativeTarget "FLITUITests" */ = {
			isa = XCConfigurationList;
			buildConfigurations = (
				AABCC5C91BDEDC8C0009440B /* Debug */,
				AABCC5CA1BDEDC8C0009440B /* Release */,
			);
			defaultConfigurationIsVisible = 0;
		};
/* End XCConfigurationList section */
	};
	rootObject = AABCC5921BDEDC8C0009440B /* Project object */;
}
